// !$*UTF8*$!
{
	archiveVersion = 1;
	classes = {
	};
	objectVersion = 56;
	objects = {

/* Begin PBXBuildFile section */
		B7739F2829E1F07A000D3DCA /* HomeViewModel.swift in Sources */ = {isa = PBXBuildFile; fileRef = B7739F2729E1F07A000D3DCA /* HomeViewModel.swift */; };
		B7739F2B29E1F9E8000D3DCA /* CoinDataService.swift in Sources */ = {isa = PBXBuildFile; fileRef = B7739F2A29E1F9E8000D3DCA /* CoinDataService.swift */; };
		B7858B7529E31CDC003FF390 /* NetworkingManager.swift in Sources */ = {isa = PBXBuildFile; fileRef = B7858B7429E31CDC003FF390 /* NetworkingManager.swift */; };
		B7A5D04529E09FD9004A0AB1 /* CryptoAppApp.swift in Sources */ = {isa = PBXBuildFile; fileRef = B7A5D04429E09FD9004A0AB1 /* CryptoAppApp.swift */; };
		B7A5D04729E09FD9004A0AB1 /* ContentView.swift in Sources */ = {isa = PBXBuildFile; fileRef = B7A5D04629E09FD9004A0AB1 /* ContentView.swift */; };
		B7A5D04C29E09FDA004A0AB1 /* Preview Assets.xcassets in Resources */ = {isa = PBXBuildFile; fileRef = B7A5D04B29E09FDA004A0AB1 /* Preview Assets.xcassets */; };
		B7A5D07329E0A497004A0AB1 /* Assets.xcassets in Resources */ = {isa = PBXBuildFile; fileRef = B7A5D05329E0A497004A0AB1 /* Assets.xcassets */; };
		B7A5D07429E0A497004A0AB1 /* Coin.swift in Sources */ = {isa = PBXBuildFile; fileRef = B7A5D05529E0A497004A0AB1 /* Coin.swift */; };
		B7A5D07529E0A497004A0AB1 /* MarketData.swift in Sources */ = {isa = PBXBuildFile; fileRef = B7A5D05629E0A497004A0AB1 /* MarketData.swift */; };
		B7A5D07629E0A497004A0AB1 /* PortfolioContainer.xcdatamodeld in Sources */ = {isa = PBXBuildFile; fileRef = B7A5D05729E0A497004A0AB1 /* PortfolioContainer.xcdatamodeld */; };
		B7A5D07729E0A497004A0AB1 /* Statistic.swift in Sources */ = {isa = PBXBuildFile; fileRef = B7A5D05929E0A497004A0AB1 /* Statistic.swift */; };
		B7A5D07829E0A497004A0AB1 /* CoinDetail.swift in Sources */ = {isa = PBXBuildFile; fileRef = B7A5D05A29E0A497004A0AB1 /* CoinDetail.swift */; };
		B7A5D07929E0A497004A0AB1 /* Icon-40@2x.png in Resources */ = {isa = PBXBuildFile; fileRef = B7A5D05D29E0A497004A0AB1 /* Icon-40@2x.png */; };
		B7A5D07A29E0A497004A0AB1 /* Icon-40@3x.png in Resources */ = {isa = PBXBuildFile; fileRef = B7A5D05E29E0A497004A0AB1 /* Icon-40@3x.png */; };
		B7A5D07B29E0A497004A0AB1 /* Icon-60@3x.png in Resources */ = {isa = PBXBuildFile; fileRef = B7A5D05F29E0A497004A0AB1 /* Icon-60@3x.png */; };
		B7A5D07C29E0A497004A0AB1 /* Icon-29@2x.png in Resources */ = {isa = PBXBuildFile; fileRef = B7A5D06029E0A497004A0AB1 /* Icon-29@2x.png */; };
		B7A5D07D29E0A497004A0AB1 /* Icon-29@3x.png in Resources */ = {isa = PBXBuildFile; fileRef = B7A5D06129E0A497004A0AB1 /* Icon-29@3x.png */; };
		B7A5D07E29E0A497004A0AB1 /* Icon-60@2x.png in Resources */ = {isa = PBXBuildFile; fileRef = B7A5D06229E0A497004A0AB1 /* Icon-60@2x.png */; };
		B7A5D07F29E0A497004A0AB1 /* Icon-20@3x.png in Resources */ = {isa = PBXBuildFile; fileRef = B7A5D06329E0A497004A0AB1 /* Icon-20@3x.png */; };
		B7A5D08029E0A497004A0AB1 /* Contents.json in Resources */ = {isa = PBXBuildFile; fileRef = B7A5D06429E0A497004A0AB1 /* Contents.json */; };
		B7A5D08129E0A497004A0AB1 /* Icon-20@2x.png in Resources */ = {isa = PBXBuildFile; fileRef = B7A5D06529E0A497004A0AB1 /* Icon-20@2x.png */; };
		B7A5D08229E0A497004A0AB1 /* ios-marketing.png in Resources */ = {isa = PBXBuildFile; fileRef = B7A5D06629E0A497004A0AB1 /* ios-marketing.png */; };
		B7A5D08329E0A497004A0AB1 /* logo-transparent.png in Resources */ = {isa = PBXBuildFile; fileRef = B7A5D06729E0A497004A0AB1 /* logo-transparent.png */; };
		B7A5D08429E0A497004A0AB1 /* coingecko.png in Resources */ = {isa = PBXBuildFile; fileRef = B7A5D06829E0A497004A0AB1 /* coingecko.png */; };
		B7A5D08529E0A497004A0AB1 /* logo.png in Resources */ = {isa = PBXBuildFile; fileRef = B7A5D06929E0A497004A0AB1 /* logo.png */; };
		B7A5D08629E0A497004A0AB1 /* logo-transparent@2x.png in Resources */ = {isa = PBXBuildFile; fileRef = B7A5D06A29E0A497004A0AB1 /* logo-transparent@2x.png */; };
		B7A5D08729E0A497004A0AB1 /* logo-transparent@3x.png in Resources */ = {isa = PBXBuildFile; fileRef = B7A5D06B29E0A497004A0AB1 /* logo-transparent@3x.png */; };
		B7A5D08829E0A497004A0AB1 /* Date.swift in Sources */ = {isa = PBXBuildFile; fileRef = B7A5D06D29E0A497004A0AB1 /* Date.swift */; };
		B7A5D08929E0A497004A0AB1 /* PreviewProvider.swift in Sources */ = {isa = PBXBuildFile; fileRef = B7A5D06E29E0A497004A0AB1 /* PreviewProvider.swift */; };
		B7A5D08A29E0A497004A0AB1 /* String.swift in Sources */ = {isa = PBXBuildFile; fileRef = B7A5D06F29E0A497004A0AB1 /* String.swift */; };
		B7A5D08B29E0A497004A0AB1 /* Double.swift in Sources */ = {isa = PBXBuildFile; fileRef = B7A5D07029E0A497004A0AB1 /* Double.swift */; };
		B7A5D08C29E0A497004A0AB1 /* UIApplication.swift in Sources */ = {isa = PBXBuildFile; fileRef = B7A5D07129E0A497004A0AB1 /* UIApplication.swift */; };
		B7A5D08D29E0A497004A0AB1 /* Color.swift in Sources */ = {isa = PBXBuildFile; fileRef = B7A5D07229E0A497004A0AB1 /* Color.swift */; };
		B7A5D09429E0A78A004A0AB1 /* HomeView.swift in Sources */ = {isa = PBXBuildFile; fileRef = B7A5D09329E0A78A004A0AB1 /* HomeView.swift */; };
		B7A5D09829E0A86E004A0AB1 /* CircleButtonView.swift in Sources */ = {isa = PBXBuildFile; fileRef = B7A5D09729E0A86E004A0AB1 /* CircleButtonView.swift */; };
		B7A5D09A29E0AB1F004A0AB1 /* CircleButtonAnimationView.swift in Sources */ = {isa = PBXBuildFile; fileRef = B7A5D09929E0AB1F004A0AB1 /* CircleButtonAnimationView.swift */; };
		B7A5D09C29E0AD02004A0AB1 /* CoinRowView.swift in Sources */ = {isa = PBXBuildFile; fileRef = B7A5D09B29E0AD02004A0AB1 /* CoinRowView.swift */; };
		B7B550B829E6CD6A00A28351 /* StatisticView.swift in Sources */ = {isa = PBXBuildFile; fileRef = B7B550B729E6CD6A00A28351 /* StatisticView.swift */; };
		B7B550BA29E6D19E00A28351 /* HomeStatsView.swift in Sources */ = {isa = PBXBuildFile; fileRef = B7B550B929E6D19E00A28351 /* HomeStatsView.swift */; };
		B7B550BC29E6D88100A28351 /* MarketDataService.swift in Sources */ = {isa = PBXBuildFile; fileRef = B7B550BB29E6D88100A28351 /* MarketDataService.swift */; };
		B7B6517D29E84A2C003270D5 /* PortfolioView.swift in Sources */ = {isa = PBXBuildFile; fileRef = B7B6517C29E84A2C003270D5 /* PortfolioView.swift */; };
		B7B6517F29E84D72003270D5 /* XMarkButton.swift in Sources */ = {isa = PBXBuildFile; fileRef = B7B6517E29E84D72003270D5 /* XMarkButton.swift */; };
		B7C9496329E5DC7900DA3BEA /* SearchBarView.swift in Sources */ = {isa = PBXBuildFile; fileRef = B7C9496229E5DC7900DA3BEA /* SearchBarView.swift */; };
		B7EA336029E32A66000722E9 /* CoinImageView.swift in Sources */ = {isa = PBXBuildFile; fileRef = B7EA335F29E32A66000722E9 /* CoinImageView.swift */; };
		B7EA336229E32BE3000722E9 /* CoinImageService.swift in Sources */ = {isa = PBXBuildFile; fileRef = B7EA336129E32BE3000722E9 /* CoinImageService.swift */; };
		B7EA336429E32D64000722E9 /* CoinImageViewModel.swift in Sources */ = {isa = PBXBuildFile; fileRef = B7EA336329E32D64000722E9 /* CoinImageViewModel.swift */; };
		B7EA336629E33427000722E9 /* LocalFileManager.swift in Sources */ = {isa = PBXBuildFile; fileRef = B7EA336529E33427000722E9 /* LocalFileManager.swift */; };
		B7EC2AAA29E867B1008B39A0 /* CoinLogoView.swift in Sources */ = {isa = PBXBuildFile; fileRef = B7EC2AA929E867B1008B39A0 /* CoinLogoView.swift */; };
/* End PBXBuildFile section */

/* Begin PBXFileReference section */
		B7739F2729E1F07A000D3DCA /* HomeViewModel.swift */ = {isa = PBXFileReference; lastKnownFileType = sourcecode.swift; path = HomeViewModel.swift; sourceTree = "<group>"; };
		B7739F2A29E1F9E8000D3DCA /* CoinDataService.swift */ = {isa = PBXFileReference; lastKnownFileType = sourcecode.swift; path = CoinDataService.swift; sourceTree = "<group>"; };
		B7858B7429E31CDC003FF390 /* NetworkingManager.swift */ = {isa = PBXFileReference; lastKnownFileType = sourcecode.swift; path = NetworkingManager.swift; sourceTree = "<group>"; };
		B7A5D04129E09FD9004A0AB1 /* CryptoApp.app */ = {isa = PBXFileReference; explicitFileType = wrapper.application; includeInIndex = 0; path = CryptoApp.app; sourceTree = BUILT_PRODUCTS_DIR; };
		B7A5D04429E09FD9004A0AB1 /* CryptoAppApp.swift */ = {isa = PBXFileReference; lastKnownFileType = sourcecode.swift; path = CryptoAppApp.swift; sourceTree = "<group>"; };
		B7A5D04629E09FD9004A0AB1 /* ContentView.swift */ = {isa = PBXFileReference; lastKnownFileType = sourcecode.swift; path = ContentView.swift; sourceTree = "<group>"; };
		B7A5D04B29E09FDA004A0AB1 /* Preview Assets.xcassets */ = {isa = PBXFileReference; lastKnownFileType = folder.assetcatalog; path = "Preview Assets.xcassets"; sourceTree = "<group>"; };
		B7A5D05329E0A497004A0AB1 /* Assets.xcassets */ = {isa = PBXFileReference; lastKnownFileType = folder.assetcatalog; path = Assets.xcassets; sourceTree = "<group>"; };
		B7A5D05529E0A497004A0AB1 /* Coin.swift */ = {isa = PBXFileReference; fileEncoding = 4; lastKnownFileType = sourcecode.swift; path = Coin.swift; sourceTree = "<group>"; };
		B7A5D05629E0A497004A0AB1 /* MarketData.swift */ = {isa = PBXFileReference; fileEncoding = 4; lastKnownFileType = sourcecode.swift; path = MarketData.swift; sourceTree = "<group>"; };
		B7A5D05829E0A497004A0AB1 /* PortfolioContainer.xcdatamodel */ = {isa = PBXFileReference; lastKnownFileType = wrapper.xcdatamodel; path = PortfolioContainer.xcdatamodel; sourceTree = "<group>"; };
		B7A5D05929E0A497004A0AB1 /* Statistic.swift */ = {isa = PBXFileReference; fileEncoding = 4; lastKnownFileType = sourcecode.swift; path = Statistic.swift; sourceTree = "<group>"; };
		B7A5D05A29E0A497004A0AB1 /* CoinDetail.swift */ = {isa = PBXFileReference; fileEncoding = 4; lastKnownFileType = sourcecode.swift; path = CoinDetail.swift; sourceTree = "<group>"; };
		B7A5D05D29E0A497004A0AB1 /* Icon-40@2x.png */ = {isa = PBXFileReference; lastKnownFileType = image.png; path = "Icon-40@2x.png"; sourceTree = "<group>"; };
		B7A5D05E29E0A497004A0AB1 /* Icon-40@3x.png */ = {isa = PBXFileReference; lastKnownFileType = image.png; path = "Icon-40@3x.png"; sourceTree = "<group>"; };
		B7A5D05F29E0A497004A0AB1 /* Icon-60@3x.png */ = {isa = PBXFileReference; lastKnownFileType = image.png; path = "Icon-60@3x.png"; sourceTree = "<group>"; };
		B7A5D06029E0A497004A0AB1 /* Icon-29@2x.png */ = {isa = PBXFileReference; lastKnownFileType = image.png; path = "Icon-29@2x.png"; sourceTree = "<group>"; };
		B7A5D06129E0A497004A0AB1 /* Icon-29@3x.png */ = {isa = PBXFileReference; lastKnownFileType = image.png; path = "Icon-29@3x.png"; sourceTree = "<group>"; };
		B7A5D06229E0A497004A0AB1 /* Icon-60@2x.png */ = {isa = PBXFileReference; lastKnownFileType = image.png; path = "Icon-60@2x.png"; sourceTree = "<group>"; };
		B7A5D06329E0A497004A0AB1 /* Icon-20@3x.png */ = {isa = PBXFileReference; lastKnownFileType = image.png; path = "Icon-20@3x.png"; sourceTree = "<group>"; };
		B7A5D06429E0A497004A0AB1 /* Contents.json */ = {isa = PBXFileReference; fileEncoding = 4; lastKnownFileType = text.json; path = Contents.json; sourceTree = "<group>"; };
		B7A5D06529E0A497004A0AB1 /* Icon-20@2x.png */ = {isa = PBXFileReference; lastKnownFileType = image.png; path = "Icon-20@2x.png"; sourceTree = "<group>"; };
		B7A5D06629E0A497004A0AB1 /* ios-marketing.png */ = {isa = PBXFileReference; lastKnownFileType = image.png; path = "ios-marketing.png"; sourceTree = "<group>"; };
		B7A5D06729E0A497004A0AB1 /* logo-transparent.png */ = {isa = PBXFileReference; lastKnownFileType = image.png; path = "logo-transparent.png"; sourceTree = "<group>"; };
		B7A5D06829E0A497004A0AB1 /* coingecko.png */ = {isa = PBXFileReference; lastKnownFileType = image.png; path = coingecko.png; sourceTree = "<group>"; };
		B7A5D06929E0A497004A0AB1 /* logo.png */ = {isa = PBXFileReference; lastKnownFileType = image.png; path = logo.png; sourceTree = "<group>"; };
		B7A5D06A29E0A497004A0AB1 /* logo-transparent@2x.png */ = {isa = PBXFileReference; lastKnownFileType = image.png; path = "logo-transparent@2x.png"; sourceTree = "<group>"; };
		B7A5D06B29E0A497004A0AB1 /* logo-transparent@3x.png */ = {isa = PBXFileReference; lastKnownFileType = image.png; path = "logo-transparent@3x.png"; sourceTree = "<group>"; };
		B7A5D06D29E0A497004A0AB1 /* Date.swift */ = {isa = PBXFileReference; fileEncoding = 4; lastKnownFileType = sourcecode.swift; path = Date.swift; sourceTree = "<group>"; };
		B7A5D06E29E0A497004A0AB1 /* PreviewProvider.swift */ = {isa = PBXFileReference; fileEncoding = 4; lastKnownFileType = sourcecode.swift; path = PreviewProvider.swift; sourceTree = "<group>"; };
		B7A5D06F29E0A497004A0AB1 /* String.swift */ = {isa = PBXFileReference; fileEncoding = 4; lastKnownFileType = sourcecode.swift; path = String.swift; sourceTree = "<group>"; };
		B7A5D07029E0A497004A0AB1 /* Double.swift */ = {isa = PBXFileReference; fileEncoding = 4; lastKnownFileType = sourcecode.swift; path = Double.swift; sourceTree = "<group>"; };
		B7A5D07129E0A497004A0AB1 /* UIApplication.swift */ = {isa = PBXFileReference; fileEncoding = 4; lastKnownFileType = sourcecode.swift; path = UIApplication.swift; sourceTree = "<group>"; };
		B7A5D07229E0A497004A0AB1 /* Color.swift */ = {isa = PBXFileReference; fileEncoding = 4; lastKnownFileType = sourcecode.swift; path = Color.swift; sourceTree = "<group>"; };
		B7A5D09329E0A78A004A0AB1 /* HomeView.swift */ = {isa = PBXFileReference; lastKnownFileType = sourcecode.swift; path = HomeView.swift; sourceTree = "<group>"; };
		B7A5D09729E0A86E004A0AB1 /* CircleButtonView.swift */ = {isa = PBXFileReference; lastKnownFileType = sourcecode.swift; path = CircleButtonView.swift; sourceTree = "<group>"; };
		B7A5D09929E0AB1F004A0AB1 /* CircleButtonAnimationView.swift */ = {isa = PBXFileReference; lastKnownFileType = sourcecode.swift; path = CircleButtonAnimationView.swift; sourceTree = "<group>"; };
		B7A5D09B29E0AD02004A0AB1 /* CoinRowView.swift */ = {isa = PBXFileReference; lastKnownFileType = sourcecode.swift; path = CoinRowView.swift; sourceTree = "<group>"; };
		B7B550B729E6CD6A00A28351 /* StatisticView.swift */ = {isa = PBXFileReference; lastKnownFileType = sourcecode.swift; path = StatisticView.swift; sourceTree = "<group>"; };
		B7B550B929E6D19E00A28351 /* HomeStatsView.swift */ = {isa = PBXFileReference; lastKnownFileType = sourcecode.swift; path = HomeStatsView.swift; sourceTree = "<group>"; };
		B7B550BB29E6D88100A28351 /* MarketDataService.swift */ = {isa = PBXFileReference; lastKnownFileType = sourcecode.swift; path = MarketDataService.swift; sourceTree = "<group>"; };
		B7B6517C29E84A2C003270D5 /* PortfolioView.swift */ = {isa = PBXFileReference; lastKnownFileType = sourcecode.swift; path = PortfolioView.swift; sourceTree = "<group>"; };
		B7B6517E29E84D72003270D5 /* XMarkButton.swift */ = {isa = PBXFileReference; lastKnownFileType = sourcecode.swift; path = XMarkButton.swift; sourceTree = "<group>"; };
		B7C9496229E5DC7900DA3BEA /* SearchBarView.swift */ = {isa = PBXFileReference; lastKnownFileType = sourcecode.swift; path = SearchBarView.swift; sourceTree = "<group>"; };
		B7EA335F29E32A66000722E9 /* CoinImageView.swift */ = {isa = PBXFileReference; lastKnownFileType = sourcecode.swift; path = CoinImageView.swift; sourceTree = "<group>"; };
		B7EA336129E32BE3000722E9 /* CoinImageService.swift */ = {isa = PBXFileReference; lastKnownFileType = sourcecode.swift; path = CoinImageService.swift; sourceTree = "<group>"; };
		B7EA336329E32D64000722E9 /* CoinImageViewModel.swift */ = {isa = PBXFileReference; lastKnownFileType = sourcecode.swift; path = CoinImageViewModel.swift; sourceTree = "<group>"; };
		B7EA336529E33427000722E9 /* LocalFileManager.swift */ = {isa = PBXFileReference; lastKnownFileType = sourcecode.swift; path = LocalFileManager.swift; sourceTree = "<group>"; };
		B7EC2AA929E867B1008B39A0 /* CoinLogoView.swift */ = {isa = PBXFileReference; lastKnownFileType = sourcecode.swift; path = CoinLogoView.swift; sourceTree = "<group>"; };
/* End PBXFileReference section */

/* Begin PBXFrameworksBuildPhase section */
		B7A5D03E29E09FD9004A0AB1 /* Frameworks */ = {
			isa = PBXFrameworksBuildPhase;
			buildActionMask = 2147483647;
			files = (
			);
			runOnlyForDeploymentPostprocessing = 0;
		};
/* End PBXFrameworksBuildPhase section */

/* Begin PBXGroup section */
		B7739F2929E1F9B1000D3DCA /* Services */ = {
			isa = PBXGroup;
			children = (
				B7739F2A29E1F9E8000D3DCA /* CoinDataService.swift */,
				B7EA336129E32BE3000722E9 /* CoinImageService.swift */,
				B7B550BB29E6D88100A28351 /* MarketDataService.swift */,
			);
			path = Services;
			sourceTree = "<group>";
		};
		B7858B7329E31C9D003FF390 /* Utilities */ = {
			isa = PBXGroup;
			children = (
				B7858B7429E31CDC003FF390 /* NetworkingManager.swift */,
				B7EA336529E33427000722E9 /* LocalFileManager.swift */,
			);
			path = Utilities;
			sourceTree = "<group>";
		};
		B7A5D03829E09FD9004A0AB1 = {
			isa = PBXGroup;
			children = (
				B7A5D04329E09FD9004A0AB1 /* CryptoApp */,
				B7A5D04229E09FD9004A0AB1 /* Products */,
			);
			sourceTree = "<group>";
		};
		B7A5D04229E09FD9004A0AB1 /* Products */ = {
			isa = PBXGroup;
			children = (
				B7A5D04129E09FD9004A0AB1 /* CryptoApp.app */,
			);
			name = Products;
			sourceTree = "<group>";
		};
		B7A5D04329E09FD9004A0AB1 /* CryptoApp */ = {
			isa = PBXGroup;
			children = (
				B7A5D04429E09FD9004A0AB1 /* CryptoAppApp.swift */,
				B7A5D04629E09FD9004A0AB1 /* ContentView.swift */,
				B7858B7329E31C9D003FF390 /* Utilities */,
				B7739F2929E1F9B1000D3DCA /* Services */,
				B7A5D05429E0A497004A0AB1 /* Models */,
				B7A5D06C29E0A497004A0AB1 /* Extensions */,
				B7A5D08F29E0A6FC004A0AB1 /* Core */,
				B7A5D05229E0A497004A0AB1 /* Resources */,
				B7A5D04A29E09FDA004A0AB1 /* Preview Content */,
			);
			path = CryptoApp;
			sourceTree = "<group>";
		};
		B7A5D04A29E09FDA004A0AB1 /* Preview Content */ = {
			isa = PBXGroup;
			children = (
				B7A5D04B29E09FDA004A0AB1 /* Preview Assets.xcassets */,
			);
			path = "Preview Content";
			sourceTree = "<group>";
		};
		B7A5D05229E0A497004A0AB1 /* Resources */ = {
			isa = PBXGroup;
			children = (
				B7A5D05329E0A497004A0AB1 /* Assets.xcassets */,
				B7A5D05B29E0A497004A0AB1 /* Assets-StarterProject */,
			);
			path = Resources;
			sourceTree = "<group>";
		};
		B7A5D05429E0A497004A0AB1 /* Models */ = {
			isa = PBXGroup;
			children = (
				B7A5D05529E0A497004A0AB1 /* Coin.swift */,
				B7A5D05629E0A497004A0AB1 /* MarketData.swift */,
				B7A5D05729E0A497004A0AB1 /* PortfolioContainer.xcdatamodeld */,
				B7A5D05929E0A497004A0AB1 /* Statistic.swift */,
				B7A5D05A29E0A497004A0AB1 /* CoinDetail.swift */,
			);
			path = Models;
			sourceTree = "<group>";
		};
		B7A5D05B29E0A497004A0AB1 /* Assets-StarterProject */ = {
			isa = PBXGroup;
			children = (
				B7A5D05C29E0A497004A0AB1 /* AppIcon.appiconset */,
				B7A5D06729E0A497004A0AB1 /* logo-transparent.png */,
				B7A5D06829E0A497004A0AB1 /* coingecko.png */,
				B7A5D06929E0A497004A0AB1 /* logo.png */,
				B7A5D06A29E0A497004A0AB1 /* logo-transparent@2x.png */,
				B7A5D06B29E0A497004A0AB1 /* logo-transparent@3x.png */,
			);
			path = "Assets-StarterProject";
			sourceTree = "<group>";
		};
		B7A5D05C29E0A497004A0AB1 /* AppIcon.appiconset */ = {
			isa = PBXGroup;
			children = (
				B7A5D05D29E0A497004A0AB1 /* Icon-40@2x.png */,
				B7A5D05E29E0A497004A0AB1 /* Icon-40@3x.png */,
				B7A5D05F29E0A497004A0AB1 /* Icon-60@3x.png */,
				B7A5D06029E0A497004A0AB1 /* Icon-29@2x.png */,
				B7A5D06129E0A497004A0AB1 /* Icon-29@3x.png */,
				B7A5D06229E0A497004A0AB1 /* Icon-60@2x.png */,
				B7A5D06329E0A497004A0AB1 /* Icon-20@3x.png */,
				B7A5D06429E0A497004A0AB1 /* Contents.json */,
				B7A5D06529E0A497004A0AB1 /* Icon-20@2x.png */,
				B7A5D06629E0A497004A0AB1 /* ios-marketing.png */,
			);
			path = AppIcon.appiconset;
			sourceTree = "<group>";
		};
		B7A5D06C29E0A497004A0AB1 /* Extensions */ = {
			isa = PBXGroup;
			children = (
				B7A5D06D29E0A497004A0AB1 /* Date.swift */,
				B7A5D06E29E0A497004A0AB1 /* PreviewProvider.swift */,
				B7A5D06F29E0A497004A0AB1 /* String.swift */,
				B7A5D07029E0A497004A0AB1 /* Double.swift */,
				B7A5D07129E0A497004A0AB1 /* UIApplication.swift */,
				B7A5D07229E0A497004A0AB1 /* Color.swift */,
			);
			path = Extensions;
			sourceTree = "<group>";
		};
		B7A5D08F29E0A6FC004A0AB1 /* Core */ = {
			isa = PBXGroup;
			children = (
				B7A5D09529E0A842004A0AB1 /* Components */,
				B7A5D09029E0A734004A0AB1 /* Home */,
			);
			path = Core;
			sourceTree = "<group>";
		};
		B7A5D09029E0A734004A0AB1 /* Home */ = {
			isa = PBXGroup;
			children = (
				B7A5D09229E0A746004A0AB1 /* ViewModels */,
				B7A5D09129E0A73E004A0AB1 /* Views */,
			);
			path = Home;
			sourceTree = "<group>";
		};
		B7A5D09129E0A73E004A0AB1 /* Views */ = {
			isa = PBXGroup;
			children = (
				B7A5D09329E0A78A004A0AB1 /* HomeView.swift */,
				B7B550B929E6D19E00A28351 /* HomeStatsView.swift */,
				B7A5D09B29E0AD02004A0AB1 /* CoinRowView.swift */,
				B7B6517C29E84A2C003270D5 /* PortfolioView.swift */,
			);
			path = Views;
			sourceTree = "<group>";
		};
		B7A5D09229E0A746004A0AB1 /* ViewModels */ = {
			isa = PBXGroup;
			children = (
				B7739F2729E1F07A000D3DCA /* HomeViewModel.swift */,
			);
			path = ViewModels;
			sourceTree = "<group>";
		};
		B7A5D09529E0A842004A0AB1 /* Components */ = {
			isa = PBXGroup;
			children = (
				B7EA335E29E32A4C000722E9 /* CoinImage */,
				B7A5D09629E0A856004A0AB1 /* CircleButton */,
				B7C9496229E5DC7900DA3BEA /* SearchBarView.swift */,
				B7B550B729E6CD6A00A28351 /* StatisticView.swift */,
				B7B6517E29E84D72003270D5 /* XMarkButton.swift */,
			);
			path = Components;
			sourceTree = "<group>";
		};
		B7A5D09629E0A856004A0AB1 /* CircleButton */ = {
			isa = PBXGroup;
			children = (
				B7A5D09729E0A86E004A0AB1 /* CircleButtonView.swift */,
				B7A5D09929E0AB1F004A0AB1 /* CircleButtonAnimationView.swift */,
			);
			path = CircleButton;
			sourceTree = "<group>";
		};
		B7EA335E29E32A4C000722E9 /* CoinImage */ = {
			isa = PBXGroup;
			children = (
				B7EA335F29E32A66000722E9 /* CoinImageView.swift */,
				B7EA336329E32D64000722E9 /* CoinImageViewModel.swift */,
				B7EC2AA929E867B1008B39A0 /* CoinLogoView.swift */,
			);
			path = CoinImage;
			sourceTree = "<group>";
		};
/* End PBXGroup section */

/* Begin PBXNativeTarget section */
		B7A5D04029E09FD9004A0AB1 /* CryptoApp */ = {
			isa = PBXNativeTarget;
			buildConfigurationList = B7A5D04F29E09FDA004A0AB1 /* Build configuration list for PBXNativeTarget "CryptoApp" */;
			buildPhases = (
				B7A5D03D29E09FD9004A0AB1 /* Sources */,
				B7A5D03E29E09FD9004A0AB1 /* Frameworks */,
				B7A5D03F29E09FD9004A0AB1 /* Resources */,
			);
			buildRules = (
			);
			dependencies = (
			);
			name = CryptoApp;
			productName = CryptoApp;
			productReference = B7A5D04129E09FD9004A0AB1 /* CryptoApp.app */;
			productType = "com.apple.product-type.application";
		};
/* End PBXNativeTarget section */

/* Begin PBXProject section */
		B7A5D03929E09FD9004A0AB1 /* Project object */ = {
			isa = PBXProject;
			attributes = {
				BuildIndependentTargetsInParallel = 1;
				LastSwiftUpdateCheck = 1420;
				LastUpgradeCheck = 1420;
				TargetAttributes = {
					B7A5D04029E09FD9004A0AB1 = {
						CreatedOnToolsVersion = 14.2;
					};
				};
			};
			buildConfigurationList = B7A5D03C29E09FD9004A0AB1 /* Build configuration list for PBXProject "CryptoApp" */;
			compatibilityVersion = "Xcode 14.0";
			developmentRegion = en;
			hasScannedForEncodings = 0;
			knownRegions = (
				en,
				Base,
			);
			mainGroup = B7A5D03829E09FD9004A0AB1;
			productRefGroup = B7A5D04229E09FD9004A0AB1 /* Products */;
			projectDirPath = "";
			projectRoot = "";
			targets = (
				B7A5D04029E09FD9004A0AB1 /* CryptoApp */,
			);
		};
/* End PBXProject section */

/* Begin PBXResourcesBuildPhase section */
		B7A5D03F29E09FD9004A0AB1 /* Resources */ = {
			isa = PBXResourcesBuildPhase;
			buildActionMask = 2147483647;
			files = (
				B7A5D07C29E0A497004A0AB1 /* Icon-29@2x.png in Resources */,
				B7A5D07B29E0A497004A0AB1 /* Icon-60@3x.png in Resources */,
				B7A5D08429E0A497004A0AB1 /* coingecko.png in Resources */,
				B7A5D07F29E0A497004A0AB1 /* Icon-20@3x.png in Resources */,
				B7A5D08329E0A497004A0AB1 /* logo-transparent.png in Resources */,
				B7A5D04C29E09FDA004A0AB1 /* Preview Assets.xcassets in Resources */,
				B7A5D07929E0A497004A0AB1 /* Icon-40@2x.png in Resources */,
				B7A5D08729E0A497004A0AB1 /* logo-transparent@3x.png in Resources */,
				B7A5D07329E0A497004A0AB1 /* Assets.xcassets in Resources */,
				B7A5D07E29E0A497004A0AB1 /* Icon-60@2x.png in Resources */,
				B7A5D08229E0A497004A0AB1 /* ios-marketing.png in Resources */,
				B7A5D08629E0A497004A0AB1 /* logo-transparent@2x.png in Resources */,
				B7A5D08129E0A497004A0AB1 /* Icon-20@2x.png in Resources */,
				B7A5D07D29E0A497004A0AB1 /* Icon-29@3x.png in Resources */,
				B7A5D08529E0A497004A0AB1 /* logo.png in Resources */,
				B7A5D08029E0A497004A0AB1 /* Contents.json in Resources */,
				B7A5D07A29E0A497004A0AB1 /* Icon-40@3x.png in Resources */,
			);
			runOnlyForDeploymentPostprocessing = 0;
		};
/* End PBXResourcesBuildPhase section */

/* Begin PBXSourcesBuildPhase section */
		B7A5D03D29E09FD9004A0AB1 /* Sources */ = {
			isa = PBXSourcesBuildPhase;
			buildActionMask = 2147483647;
			files = (
				B7A5D08C29E0A497004A0AB1 /* UIApplication.swift in Sources */,
				B7739F2829E1F07A000D3DCA /* HomeViewModel.swift in Sources */,
				B7B6517D29E84A2C003270D5 /* PortfolioView.swift in Sources */,
				B7B550BA29E6D19E00A28351 /* HomeStatsView.swift in Sources */,
				B7A5D09429E0A78A004A0AB1 /* HomeView.swift in Sources */,
				B7A5D04729E09FD9004A0AB1 /* ContentView.swift in Sources */,
				B7B550BC29E6D88100A28351 /* MarketDataService.swift in Sources */,
				B7739F2B29E1F9E8000D3DCA /* CoinDataService.swift in Sources */,
				B7C9496329E5DC7900DA3BEA /* SearchBarView.swift in Sources */,
				B7EA336029E32A66000722E9 /* CoinImageView.swift in Sources */,
				B7A5D09A29E0AB1F004A0AB1 /* CircleButtonAnimationView.swift in Sources */,
				B7B6517F29E84D72003270D5 /* XMarkButton.swift in Sources */,
				B7A5D09829E0A86E004A0AB1 /* CircleButtonView.swift in Sources */,
				B7A5D07429E0A497004A0AB1 /* Coin.swift in Sources */,
				B7A5D08A29E0A497004A0AB1 /* String.swift in Sources */,
				B7A5D08D29E0A497004A0AB1 /* Color.swift in Sources */,
				B7A5D07829E0A497004A0AB1 /* CoinDetail.swift in Sources */,
				B7EA336429E32D64000722E9 /* CoinImageViewModel.swift in Sources */,
				B7EC2AAA29E867B1008B39A0 /* CoinLogoView.swift in Sources */,
				B7A5D08829E0A497004A0AB1 /* Date.swift in Sources */,
				B7A5D04529E09FD9004A0AB1 /* CryptoAppApp.swift in Sources */,
				B7858B7529E31CDC003FF390 /* NetworkingManager.swift in Sources */,
				B7A5D07629E0A497004A0AB1 /* PortfolioContainer.xcdatamodeld in Sources */,
				B7EA336229E32BE3000722E9 /* CoinImageService.swift in Sources */,
				B7A5D07729E0A497004A0AB1 /* Statistic.swift in Sources */,
				B7A5D08929E0A497004A0AB1 /* PreviewProvider.swift in Sources */,
				B7B550B829E6CD6A00A28351 /* StatisticView.swift in Sources */,
				B7A5D08B29E0A497004A0AB1 /* Double.swift in Sources */,
				B7A5D09C29E0AD02004A0AB1 /* CoinRowView.swift in Sources */,
				B7A5D07529E0A497004A0AB1 /* MarketData.swift in Sources */,
				B7EA336629E33427000722E9 /* LocalFileManager.swift in Sources */,
			);
			runOnlyForDeploymentPostprocessing = 0;
		};
/* End PBXSourcesBuildPhase section */

/* Begin XCBuildConfiguration section */
		B7A5D04D29E09FDA004A0AB1 /* Debug */ = {
			isa = XCBuildConfiguration;
			buildSettings = {
				ALWAYS_SEARCH_USER_PATHS = NO;
				CLANG_ANALYZER_NONNULL = YES;
				CLANG_ANALYZER_NUMBER_OBJECT_CONVERSION = YES_AGGRESSIVE;
				CLANG_CXX_LANGUAGE_STANDARD = "gnu++20";
				CLANG_ENABLE_MODULES = YES;
				CLANG_ENABLE_OBJC_ARC = YES;
				CLANG_ENABLE_OBJC_WEAK = YES;
				CLANG_WARN_BLOCK_CAPTURE_AUTORELEASING = YES;
				CLANG_WARN_BOOL_CONVERSION = YES;
				CLANG_WARN_COMMA = YES;
				CLANG_WARN_CONSTANT_CONVERSION = YES;
				CLANG_WARN_DEPRECATED_OBJC_IMPLEMENTATIONS = YES;
				CLANG_WARN_DIRECT_OBJC_ISA_USAGE = YES_ERROR;
				CLANG_WARN_DOCUMENTATION_COMMENTS = YES;
				CLANG_WARN_EMPTY_BODY = YES;
				CLANG_WARN_ENUM_CONVERSION = YES;
				CLANG_WARN_INFINITE_RECURSION = YES;
				CLANG_WARN_INT_CONVERSION = YES;
				CLANG_WARN_NON_LITERAL_NULL_CONVERSION = YES;
				CLANG_WARN_OBJC_IMPLICIT_RETAIN_SELF = YES;
				CLANG_WARN_OBJC_LITERAL_CONVERSION = YES;
				CLANG_WARN_OBJC_ROOT_CLASS = YES_ERROR;
				CLANG_WARN_QUOTED_INCLUDE_IN_FRAMEWORK_HEADER = YES;
				CLANG_WARN_RANGE_LOOP_ANALYSIS = YES;
				CLANG_WARN_STRICT_PROTOTYPES = YES;
				CLANG_WARN_SUSPICIOUS_MOVE = YES;
				CLANG_WARN_UNGUARDED_AVAILABILITY = YES_AGGRESSIVE;
				CLANG_WARN_UNREACHABLE_CODE = YES;
				CLANG_WARN__DUPLICATE_METHOD_MATCH = YES;
				COPY_PHASE_STRIP = NO;
				DEBUG_INFORMATION_FORMAT = dwarf;
				ENABLE_STRICT_OBJC_MSGSEND = YES;
				ENABLE_TESTABILITY = YES;
				GCC_C_LANGUAGE_STANDARD = gnu11;
				GCC_DYNAMIC_NO_PIC = NO;
				GCC_NO_COMMON_BLOCKS = YES;
				GCC_OPTIMIZATION_LEVEL = 0;
				GCC_PREPROCESSOR_DEFINITIONS = (
					"DEBUG=1",
					"$(inherited)",
				);
				GCC_WARN_64_TO_32_BIT_CONVERSION = YES;
				GCC_WARN_ABOUT_RETURN_TYPE = YES_ERROR;
				GCC_WARN_UNDECLARED_SELECTOR = YES;
				GCC_WARN_UNINITIALIZED_AUTOS = YES_AGGRESSIVE;
				GCC_WARN_UNUSED_FUNCTION = YES;
				GCC_WARN_UNUSED_VARIABLE = YES;
				IPHONEOS_DEPLOYMENT_TARGET = 16.2;
				MTL_ENABLE_DEBUG_INFO = INCLUDE_SOURCE;
				MTL_FAST_MATH = YES;
				ONLY_ACTIVE_ARCH = YES;
				SDKROOT = iphoneos;
				SWIFT_ACTIVE_COMPILATION_CONDITIONS = DEBUG;
				SWIFT_OPTIMIZATION_LEVEL = "-Onone";
			};
			name = Debug;
		};
		B7A5D04E29E09FDA004A0AB1 /* Release */ = {
			isa = XCBuildConfiguration;
			buildSettings = {
				ALWAYS_SEARCH_USER_PATHS = NO;
				CLANG_ANALYZER_NONNULL = YES;
				CLANG_ANALYZER_NUMBER_OBJECT_CONVERSION = YES_AGGRESSIVE;
				CLANG_CXX_LANGUAGE_STANDARD = "gnu++20";
				CLANG_ENABLE_MODULES = YES;
				CLANG_ENABLE_OBJC_ARC = YES;
				CLANG_ENABLE_OBJC_WEAK = YES;
				CLANG_WARN_BLOCK_CAPTURE_AUTORELEASING = YES;
				CLANG_WARN_BOOL_CONVERSION = YES;
				CLANG_WARN_COMMA = YES;
				CLANG_WARN_CONSTANT_CONVERSION = YES;
				CLANG_WARN_DEPRECATED_OBJC_IMPLEMENTATIONS = YES;
				CLANG_WARN_DIRECT_OBJC_ISA_USAGE = YES_ERROR;
				CLANG_WARN_DOCUMENTATION_COMMENTS = YES;
				CLANG_WARN_EMPTY_BODY = YES;
				CLANG_WARN_ENUM_CONVERSION = YES;
				CLANG_WARN_INFINITE_RECURSION = YES;
				CLANG_WARN_INT_CONVERSION = YES;
				CLANG_WARN_NON_LITERAL_NULL_CONVERSION = YES;
				CLANG_WARN_OBJC_IMPLICIT_RETAIN_SELF = YES;
				CLANG_WARN_OBJC_LITERAL_CONVERSION = YES;
				CLANG_WARN_OBJC_ROOT_CLASS = YES_ERROR;
				CLANG_WARN_QUOTED_INCLUDE_IN_FRAMEWORK_HEADER = YES;
				CLANG_WARN_RANGE_LOOP_ANALYSIS = YES;
				CLANG_WARN_STRICT_PROTOTYPES = YES;
				CLANG_WARN_SUSPICIOUS_MOVE = YES;
				CLANG_WARN_UNGUARDED_AVAILABILITY = YES_AGGRESSIVE;
				CLANG_WARN_UNREACHABLE_CODE = YES;
				CLANG_WARN__DUPLICATE_METHOD_MATCH = YES;
				COPY_PHASE_STRIP = NO;
				DEBUG_INFORMATION_FORMAT = "dwarf-with-dsym";
				ENABLE_NS_ASSERTIONS = NO;
				ENABLE_STRICT_OBJC_MSGSEND = YES;
				GCC_C_LANGUAGE_STANDARD = gnu11;
				GCC_NO_COMMON_BLOCKS = YES;
				GCC_WARN_64_TO_32_BIT_CONVERSION = YES;
				GCC_WARN_ABOUT_RETURN_TYPE = YES_ERROR;
				GCC_WARN_UNDECLARED_SELECTOR = YES;
				GCC_WARN_UNINITIALIZED_AUTOS = YES_AGGRESSIVE;
				GCC_WARN_UNUSED_FUNCTION = YES;
				GCC_WARN_UNUSED_VARIABLE = YES;
				IPHONEOS_DEPLOYMENT_TARGET = 16.2;
				MTL_ENABLE_DEBUG_INFO = NO;
				MTL_FAST_MATH = YES;
				SDKROOT = iphoneos;
				SWIFT_COMPILATION_MODE = wholemodule;
				SWIFT_OPTIMIZATION_LEVEL = "-O";
				VALIDATE_PRODUCT = YES;
			};
			name = Release;
		};
		B7A5D05029E09FDA004A0AB1 /* Debug */ = {
			isa = XCBuildConfiguration;
			buildSettings = {
				ASSETCATALOG_COMPILER_APPICON_NAME = AppIcon;
				ASSETCATALOG_COMPILER_GLOBAL_ACCENT_COLOR_NAME = AccentColor;
				CODE_SIGN_STYLE = Automatic;
				CURRENT_PROJECT_VERSION = 1;
				DEVELOPMENT_ASSET_PATHS = "\"CryptoApp/Preview Content\"";
				DEVELOPMENT_TEAM = 6MCGW4D96C;
				ENABLE_PREVIEWS = YES;
				GENERATE_INFOPLIST_FILE = YES;
				INFOPLIST_KEY_CFBundleDisplayName = "Crypto Tracker";
				INFOPLIST_KEY_UIApplicationSceneManifest_Generation = YES;
				INFOPLIST_KEY_UIApplicationSupportsIndirectInputEvents = YES;
				INFOPLIST_KEY_UILaunchScreen_Generation = YES;
				INFOPLIST_KEY_UISupportedInterfaceOrientations = "UIInterfaceOrientationLandscapeLeft UIInterfaceOrientationPortrait";
				INFOPLIST_KEY_UISupportedInterfaceOrientations_iPad = "UIInterfaceOrientationPortrait UIInterfaceOrientationPortraitUpsideDown";
				LD_RUNPATH_SEARCH_PATHS = (
					"$(inherited)",
					"@executable_path/Frameworks",
				);
				MARKETING_VERSION = 1.0;
				PRODUCT_BUNDLE_IDENTIFIER = com.dimitrijevolarevic.CryptoApp;
				PRODUCT_NAME = "$(TARGET_NAME)";
				SUPPORTED_PLATFORMS = "iphoneos iphonesimulator";
				SUPPORTS_MACCATALYST = NO;
				SUPPORTS_MAC_DESIGNED_FOR_IPHONE_IPAD = NO;
				SWIFT_EMIT_LOC_STRINGS = YES;
				SWIFT_VERSION = 5.0;
				TARGETED_DEVICE_FAMILY = "1,2";
			};
			name = Debug;
		};
		B7A5D05129E09FDA004A0AB1 /* Release */ = {
			isa = XCBuildConfiguration;
			buildSettings = {
				ASSETCATALOG_COMPILER_APPICON_NAME = AppIcon;
				ASSETCATALOG_COMPILER_GLOBAL_ACCENT_COLOR_NAME = AccentColor;
				CODE_SIGN_STYLE = Automatic;
				CURRENT_PROJECT_VERSION = 1;
				DEVELOPMENT_ASSET_PATHS = "\"CryptoApp/Preview Content\"";
				DEVELOPMENT_TEAM = 6MCGW4D96C;
				ENABLE_PREVIEWS = YES;
				GENERATE_INFOPLIST_FILE = YES;
				INFOPLIST_KEY_CFBundleDisplayName = "Crypto Tracker";
				INFOPLIST_KEY_UIApplicationSceneManifest_Generation = YES;
				INFOPLIST_KEY_UIApplicationSupportsIndirectInputEvents = YES;
				INFOPLIST_KEY_UILaunchScreen_Generation = YES;
				INFOPLIST_KEY_UISupportedInterfaceOrientations = "UIInterfaceOrientationLandscapeLeft UIInterfaceOrientationPortrait";
				INFOPLIST_KEY_UISupportedInterfaceOrientations_iPad = "UIInterfaceOrientationPortrait UIInterfaceOrientationPortraitUpsideDown";
				LD_RUNPATH_SEARCH_PATHS = (
					"$(inherited)",
					"@executable_path/Frameworks",
				);
				MARKETING_VERSION = 1.0;
				PRODUCT_BUNDLE_IDENTIFIER = com.dimitrijevolarevic.CryptoApp;
				PRODUCT_NAME = "$(TARGET_NAME)";
				SUPPORTED_PLATFORMS = "iphoneos iphonesimulator";
				SUPPORTS_MACCATALYST = NO;
				SUPPORTS_MAC_DESIGNED_FOR_IPHONE_IPAD = NO;
				SWIFT_EMIT_LOC_STRINGS = YES;
				SWIFT_VERSION = 5.0;
				TARGETED_DEVICE_FAMILY = "1,2";
			};
			name = Release;
		};
/* End XCBuildConfiguration section */

/* Begin XCConfigurationList section */
		B7A5D03C29E09FD9004A0AB1 /* Build configuration list for PBXProject "CryptoApp" */ = {
			isa = XCConfigurationList;
			buildConfigurations = (
				B7A5D04D29E09FDA004A0AB1 /* Debug */,
				B7A5D04E29E09FDA004A0AB1 /* Release */,
			);
			defaultConfigurationIsVisible = 0;
			defaultConfigurationName = Release;
		};
		B7A5D04F29E09FDA004A0AB1 /* Build configuration list for PBXNativeTarget "CryptoApp" */ = {
			isa = XCConfigurationList;
			buildConfigurations = (
				B7A5D05029E09FDA004A0AB1 /* Debug */,
				B7A5D05129E09FDA004A0AB1 /* Release */,
			);
			defaultConfigurationIsVisible = 0;
			defaultConfigurationName = Release;
		};
/* End XCConfigurationList section */

/* Begin XCVersionGroup section */
		B7A5D05729E0A497004A0AB1 /* PortfolioContainer.xcdatamodeld */ = {
			isa = XCVersionGroup;
			children = (
				B7A5D05829E0A497004A0AB1 /* PortfolioContainer.xcdatamodel */,
			);
			currentVersion = B7A5D05829E0A497004A0AB1 /* PortfolioContainer.xcdatamodel */;
			path = PortfolioContainer.xcdatamodeld;
			sourceTree = "<group>";
			versionGroupType = wrapper.xcdatamodel;
		};
/* End XCVersionGroup section */
	};
	rootObject = B7A5D03929E09FD9004A0AB1 /* Project object */;
}
